
Microsoft Visual Studio Solution File, Format Version 12.00
# Visual Studio Version 16
VisualStudioVersion = 16.0.29430.225
MinimumVisualStudioVersion = 10.0.40219.1
Project("{2150E333-8FDC-42A3-9474-1A3956D46DE8}") = "src", "src", "{AF9A02F7-2443-4443-BE8A-DA299BC3F701}"
EndProject
Project("{2150E333-8FDC-42A3-9474-1A3956D46DE8}") = "services", "services", "{C57F0CA1-85F8-479E-B6D2-E363195935EA}"
EndProject
Project("{2150E333-8FDC-42A3-9474-1A3956D46DE8}") = "apps", "apps", "{02C61681-D9DC-41DF-AD76-589AACAA0248}"
EndProject
Project("{2150E333-8FDC-42A3-9474-1A3956D46DE8}") = "workers", "workers", "{C1C1E4B1-E939-4490-A9E0-28839081F88D}"
EndProject
Project("{FAE04EC0-301F-11D3-BF4B-00C04F79EFBC}") = "Strix.Service.LetsEncrypt", "src\services\Strix.Service.LetsEncrypt\Strix.Service.LetsEncrypt.csproj", "{DD91E4CB-B487-4C58-A143-99A1135D693E}"
EndProject
Project("{FAE04EC0-301F-11D3-BF4B-00C04F79EFBC}") = "Strix.Frontend", "src\apps\Strix.Frontend\Strix.Frontend.csproj", "{EA212B12-094C-4777-8736-F4212FE36CAE}"
EndProject
Project("{2150E333-8FDC-42A3-9474-1A3956D46DE8}") = "infrastructure", "infrastructure", "{A2146F3D-A4E6-47D1-AA64-7BD8C239A186}"
EndProject
Project("{FAE04EC0-301F-11D3-BF4B-00C04F79EFBC}") = "Strix.Infrastructure.ApiGw", "src\infrastructure\Strix.Infrastructure.ApiGw\Strix.Infrastructure.ApiGw.csproj", "{23139CF4-0A9F-4166-AB36-E5533D857FB5}"
EndProject
Project("{2150E333-8FDC-42A3-9474-1A3956D46DE8}") = "shared", "shared", "{79BF1FD9-F454-4EA5-8932-4DC91508636E}"
EndProject
Project("{FAE04EC0-301F-11D3-BF4B-00C04F79EFBC}") = "Strix.Worker.Renew", "src\workers\Strix.Worker.Renew\Strix.Worker.Renew.csproj", "{21592CD1-4F43-4FFF-88F3-89818C31E2DF}"
EndProject
Project("{FAE04EC0-301F-11D3-BF4B-00C04F79EFBC}") = "Strix.Shared.LetsEncrypt", "src\shared\Strix.Shared.LetsEncrypt\Strix.Shared.LetsEncrypt.csproj", "{75F8ADB3-A245-4CAA-9946-450F1C369E4B}"
EndProject
Project("{FAE04EC0-301F-11D3-BF4B-00C04F79EFBC}") = "Strix.Shared.Dns", "src\shared\Strix.Shared.Dns\Strix.Shared.Dns.csproj", "{C487822B-E676-49C1-87BC-66A6FC2EF5F5}"
EndProject
Project("{2150E333-8FDC-42A3-9474-1A3956D46DE8}") = "providers", "providers", "{A5423AFA-7C9F-4C15-94A2-6CBF9EF1FC14}"
EndProject
Global
	GlobalSection(SolutionConfigurationPlatforms) = preSolution
		Debug|Any CPU = Debug|Any CPU
		Release|Any CPU = Release|Any CPU
	EndGlobalSection
	GlobalSection(ProjectConfigurationPlatforms) = postSolution
		{DD91E4CB-B487-4C58-A143-99A1135D693E}.Debug|Any CPU.ActiveCfg = Debug|Any CPU
		{DD91E4CB-B487-4C58-A143-99A1135D693E}.Debug|Any CPU.Build.0 = Debug|Any CPU
		{DD91E4CB-B487-4C58-A143-99A1135D693E}.Release|Any CPU.ActiveCfg = Release|Any CPU
		{DD91E4CB-B487-4C58-A143-99A1135D693E}.Release|Any CPU.Build.0 = Release|Any CPU
		{EA212B12-094C-4777-8736-F4212FE36CAE}.Debug|Any CPU.ActiveCfg = Debug|Any CPU
		{EA212B12-094C-4777-8736-F4212FE36CAE}.Debug|Any CPU.Build.0 = Debug|Any CPU
		{EA212B12-094C-4777-8736-F4212FE36CAE}.Release|Any CPU.ActiveCfg = Release|Any CPU
		{EA212B12-094C-4777-8736-F4212FE36CAE}.Release|Any CPU.Build.0 = Release|Any CPU
		{23139CF4-0A9F-4166-AB36-E5533D857FB5}.Debug|Any CPU.ActiveCfg = Debug|Any CPU
		{23139CF4-0A9F-4166-AB36-E5533D857FB5}.Debug|Any CPU.Build.0 = Debug|Any CPU
		{23139CF4-0A9F-4166-AB36-E5533D857FB5}.Release|Any CPU.ActiveCfg = Release|Any CPU
		{23139CF4-0A9F-4166-AB36-E5533D857FB5}.Release|Any CPU.Build.0 = Release|Any CPU
		{21592CD1-4F43-4FFF-88F3-89818C31E2DF}.Debug|Any CPU.ActiveCfg = Debug|Any CPU
		{21592CD1-4F43-4FFF-88F3-89818C31E2DF}.Debug|Any CPU.Build.0 = Debug|Any CPU
		{21592CD1-4F43-4FFF-88F3-89818C31E2DF}.Release|Any CPU.ActiveCfg = Release|Any CPU
		{21592CD1-4F43-4FFF-88F3-89818C31E2DF}.Release|Any CPU.Build.0 = Release|Any CPU
		{75F8ADB3-A245-4CAA-9946-450F1C369E4B}.Debug|Any CPU.ActiveCfg = Debug|Any CPU
		{75F8ADB3-A245-4CAA-9946-450F1C369E4B}.Debug|Any CPU.Build.0 = Debug|Any CPU
		{75F8ADB3-A245-4CAA-9946-450F1C369E4B}.Release|Any CPU.ActiveCfg = Release|Any CPU
		{75F8ADB3-A245-4CAA-9946-450F1C369E4B}.Release|Any CPU.Build.0 = Release|Any CPU
		{C487822B-E676-49C1-87BC-66A6FC2EF5F5}.Debug|Any CPU.ActiveCfg = Debug|Any CPU
		{C487822B-E676-49C1-87BC-66A6FC2EF5F5}.Debug|Any CPU.Build.0 = Debug|Any CPU
		{C487822B-E676-49C1-87BC-66A6FC2EF5F5}.Release|Any CPU.ActiveCfg = Release|Any CPU
		{C487822B-E676-49C1-87BC-66A6FC2EF5F5}.Release|Any CPU.Build.0 = Release|Any CPU
	EndGlobalSection
	GlobalSection(SolutionProperties) = preSolution
		HideSolutionNode = FALSE
	EndGlobalSection
	GlobalSection(NestedProjects) = preSolution
		{C57F0CA1-85F8-479E-B6D2-E363195935EA} = {AF9A02F7-2443-4443-BE8A-DA299BC3F701}
		{02C61681-D9DC-41DF-AD76-589AACAA0248} = {AF9A02F7-2443-4443-BE8A-DA299BC3F701}
		{C1C1E4B1-E939-4490-A9E0-28839081F88D} = {AF9A02F7-2443-4443-BE8A-DA299BC3F701}
		{DD91E4CB-B487-4C58-A143-99A1135D693E} = {C57F0CA1-85F8-479E-B6D2-E363195935EA}
		{EA212B12-094C-4777-8736-F4212FE36CAE} = {02C61681-D9DC-41DF-AD76-589AACAA0248}
		{A2146F3D-A4E6-47D1-AA64-7BD8C239A186} = {AF9A02F7-2443-4443-BE8A-DA299BC3F701}
		{23139CF4-0A9F-4166-AB36-E5533D857FB5} = {A2146F3D-A4E6-47D1-AA64-7BD8C239A186}
		{79BF1FD9-F454-4EA5-8932-4DC91508636E} = {AF9A02F7-2443-4443-BE8A-DA299BC3F701}
		{21592CD1-4F43-4FFF-88F3-89818C31E2DF} = {C1C1E4B1-E939-4490-A9E0-28839081F88D}
		{75F8ADB3-A245-4CAA-9946-450F1C369E4B} = {79BF1FD9-F454-4EA5-8932-4DC91508636E}
		{C487822B-E676-49C1-87BC-66A6FC2EF5F5} = {A5423AFA-7C9F-4C15-94A2-6CBF9EF1FC14}
		{A5423AFA-7C9F-4C15-94A2-6CBF9EF1FC14} = {79BF1FD9-F454-4EA5-8932-4DC91508636E}
	EndGlobalSection
	GlobalSection(ExtensibilityGlobals) = postSolution
		SolutionGuid = {F9EE7D9C-3A8E-4933-AE56-FE23B72B5231}
	EndGlobalSection
EndGlobal
